{
  "requires": true,
  "lockfileVersion": 1,
  "dependencies": {
    "survey-react": {
      "version": "1.8.41",
      "resolved": "https://registry.npmjs.org/survey-react/-/survey-react-1.8.41.tgz",
      "integrity": "sha512-FuNdjRCMua83j53ZUvW9SkThtES8vRX83IHXflwmStwA2U5i6L31FSewgfyLjdh2pMFXUB9eZUdHL0EhJV8ncQ=="
    }
  }
}
